
Microsoft Visual Studio Solution File, Format Version 12.00
Project("{FAE04EC0-301F-11D3-BF4B-00C04F79EFBC}") = "ThreadsTuts_WpfApp", "ThreadsTuts_WpfApp\ThreadsTuts_WpfApp.csproj", "{0B15383F-5F26-48AA-A9C2-B68ADE49C7FF}"
EndProject
Global
	GlobalSection(SolutionConfigurationPlatforms) = preSolution
		Debug|Any CPU = Debug|Any CPU
		Release|Any CPU = Release|Any CPU
	EndGlobalSection
	GlobalSection(ProjectConfigurationPlatforms) = postSolution
		{0B15383F-5F26-48AA-A9C2-B68ADE49C7FF}.Debug|Any CPU.ActiveCfg = Debug|Any CPU
		{0B15383F-5F26-48AA-A9C2-B68ADE49C7FF}.Debug|Any CPU.Build.0 = Debug|Any CPU
		{0B15383F-5F26-48AA-A9C2-B68ADE49C7FF}.Release|Any CPU.ActiveCfg = Release|Any CPU
		{0B15383F-5F26-48AA-A9C2-B68ADE49C7FF}.Release|Any CPU.Build.0 = Release|Any CPU
	EndGlobalSection
EndGlobal
